
Microsoft Visual Studio Solution File, Format Version 12.00
# Visual Studio Version 17
VisualStudioVersion = 17.6.33815.320
MinimumVisualStudioVersion = 10.0.40219.1
Project("{FAE04EC0-301F-11D3-BF4B-00C04F79EFBC}") = "WebApps", "WebApps\WebApps.csproj", "{3A5CEC3D-343F-49CF-AF47-D65EEE7CFFC8}"
EndProject
Global
	GlobalSection(SolutionConfigurationPlatforms) = preSolution
		Debug|Any CPU = Debug|Any CPU
		Release|Any CPU = Release|Any CPU
	EndGlobalSection
	GlobalSection(ProjectConfigurationPlatforms) = postSolution
		{3A5CEC3D-343F-49CF-AF47-D65EEE7CFFC8}.Debug|Any CPU.ActiveCfg = Debug|Any CPU
		{3A5CEC3D-343F-49CF-AF47-D65EEE7CFFC8}.Debug|Any CPU.Build.0 = Debug|Any CPU
		{3A5CEC3D-343F-49CF-AF47-D65EEE7CFFC8}.Release|Any CPU.ActiveCfg = Release|Any CPU
		{3A5CEC3D-343F-49CF-AF47-D65EEE7CFFC8}.Release|Any CPU.Build.0 = Release|Any CPU
	EndGlobalSection
	GlobalSection(SolutionProperties) = preSolution
		HideSolutionNode = FALSE
	EndGlobalSection
	GlobalSection(ExtensibilityGlobals) = postSolution
		SolutionGuid = {880CD309-A6B4-4D92-8CB9-C9544DD51480}
	EndGlobalSection
EndGlobal
